
Microsoft Visual Studio Solution File, Format Version 12.00
# Visual Studio Version 16
VisualStudioVersion = 16.0.31019.35
MinimumVisualStudioVersion = 10.0.40219.1
Project("{FAE04EC0-301F-11D3-BF4B-00C04F79EFBC}") = "MoneStore", "MoneStore\MoneStore.csproj", "{C298C9BD-2564-41A0-8A7F-3FBF89F981B3}"
EndProject
Global
	GlobalSection(SolutionConfigurationPlatforms) = preSolution
		Debug|Any CPU = Debug|Any CPU
		Release|Any CPU = Release|Any CPU
	EndGlobalSection
	GlobalSection(ProjectConfigurationPlatforms) = postSolution
		{C298C9BD-2564-41A0-8A7F-3FBF89F981B3}.Debug|Any CPU.ActiveCfg = Debug|Any CPU
		{C298C9BD-2564-41A0-8A7F-3FBF89F981B3}.Debug|Any CPU.Build.0 = Debug|Any CPU
		{C298C9BD-2564-41A0-8A7F-3FBF89F981B3}.Release|Any CPU.ActiveCfg = Release|Any CPU
		{C298C9BD-2564-41A0-8A7F-3FBF89F981B3}.Release|Any CPU.Build.0 = Release|Any CPU
	EndGlobalSection
	GlobalSection(SolutionProperties) = preSolution
		HideSolutionNode = FALSE
	EndGlobalSection
	GlobalSection(ExtensibilityGlobals) = postSolution
		SolutionGuid = {45FE4BCA-46EF-4634-86AF-E76E25964B55}
	EndGlobalSection
EndGlobal
